// !$*UTF8*$!
{
	archiveVersion = 1;
	classes = {
	};
	objectVersion = 46;
	objects = {

/* Begin PBXBuildFile section */
		ED8C4A3B1DB12F8F00F73D3E /* AppDelegate.swift in Sources */ = {isa = PBXBuildFile; fileRef = ED8C4A3A1DB12F8F00F73D3E /* AppDelegate.swift */; };
		ED8C4A3D1DB12F8F00F73D3E /* ViewController.swift in Sources */ = {isa = PBXBuildFile; fileRef = ED8C4A3C1DB12F8F00F73D3E /* ViewController.swift */; };
		ED8C4A401DB12F8F00F73D3E /* Main.storyboard in Resources */ = {isa = PBXBuildFile; fileRef = ED8C4A3E1DB12F8F00F73D3E /* Main.storyboard */; };
		ED8C4A421DB12F8F00F73D3E /* Assets.xcassets in Resources */ = {isa = PBXBuildFile; fileRef = ED8C4A411DB12F8F00F73D3E /* Assets.xcassets */; };
		ED8C4A451DB12F8F00F73D3E /* LaunchScreen.storyboard in Resources */ = {isa = PBXBuildFile; fileRef = ED8C4A431DB12F8F00F73D3E /* LaunchScreen.storyboard */; };
		ED8C4A501DB12F8F00F73D3E /* PrimerEntregableTests.swift in Sources */ = {isa = PBXBuildFile; fileRef = ED8C4A4F1DB12F8F00F73D3E /* PrimerEntregableTests.swift */; };
		ED8C4A5B1DB12F8F00F73D3E /* PrimerEntregableUITests.swift in Sources */ = {isa = PBXBuildFile; fileRef = ED8C4A5A1DB12F8F00F73D3E /* PrimerEntregableUITests.swift */; };
/* End PBXBuildFile section */

/* Begin PBXContainerItemProxy section */
		ED8C4A4C1DB12F8F00F73D3E /* PBXContainerItemProxy */ = {
			isa = PBXContainerItemProxy;
			containerPortal = ED8C4A2F1DB12F8F00F73D3E /* Project object */;
			proxyType = 1;
			remoteGlobalIDString = ED8C4A361DB12F8F00F73D3E;
			remoteInfo = PrimerEntregable;
		};
		ED8C4A571DB12F8F00F73D3E /* PBXContainerItemProxy */ = {
			isa = PBXContainerItemProxy;
			containerPortal = ED8C4A2F1DB12F8F00F73D3E /* Project object */;
			proxyType = 1;
			remoteGlobalIDString = ED8C4A361DB12F8F00F73D3E;
			remoteInfo = PrimerEntregable;
		};
/* End PBXContainerItemProxy section */

/* Begin PBXFileReference section */
		ED8C4A371DB12F8F00F73D3E /* PrimerEntregable.app */ = {isa = PBXFileReference; explicitFileType = wrapper.application; includeInIndex = 0; path = PrimerEntregable.app; sourceTree = BUILT_PRODUCTS_DIR; };
		ED8C4A3A1DB12F8F00F73D3E /* AppDelegate.swift */ = {isa = PBXFileReference; lastKnownFileType = sourcecode.swift; path = AppDelegate.swift; sourceTree = "<group>"; };
		ED8C4A3C1DB12F8F00F73D3E /* ViewController.swift */ = {isa = PBXFileReference; lastKnownFileType = sourcecode.swift; path = ViewController.swift; sourceTree = "<group>"; };
		ED8C4A3F1DB12F8F00F73D3E /* Base */ = {isa = PBXFileReference; lastKnownFileType = file.storyboard; name = Base; path = Base.lproj/Main.storyboard; sourceTree = "<group>"; };
		ED8C4A411DB12F8F00F73D3E /* Assets.xcassets */ = {isa = PBXFileReference; lastKnownFileType = folder.assetcatalog; path = Assets.xcassets; sourceTree = "<group>"; };
		ED8C4A441DB12F8F00F73D3E /* Base */ = {isa = PBXFileReference; lastKnownFileType = file.storyboard; name = Base; path = Base.lproj/LaunchScreen.storyboard; sourceTree = "<group>"; };
		ED8C4A461DB12F8F00F73D3E /* Info.plist */ = {isa = PBXFileReference; lastKnownFileType = text.plist.xml; path = Info.plist; sourceTree = "<group>"; };
		ED8C4A4B1DB12F8F00F73D3E /* PrimerEntregableTests.xctest */ = {isa = PBXFileReference; explicitFileType = wrapper.cfbundle; includeInIndex = 0; path = PrimerEntregableTests.xctest; sourceTree = BUILT_PRODUCTS_DIR; };
		ED8C4A4F1DB12F8F00F73D3E /* PrimerEntregableTests.swift */ = {isa = PBXFileReference; lastKnownFileType = sourcecode.swift; path = PrimerEntregableTests.swift; sourceTree = "<group>"; };
		ED8C4A511DB12F8F00F73D3E /* Info.plist */ = {isa = PBXFileReference; lastKnownFileType = text.plist.xml; path = Info.plist; sourceTree = "<group>"; };
		ED8C4A561DB12F8F00F73D3E /* PrimerEntregableUITests.xctest */ = {isa = PBXFileReference; explicitFileType = wrapper.cfbundle; includeInIndex = 0; path = PrimerEntregableUITests.xctest; sourceTree = BUILT_PRODUCTS_DIR; };
		ED8C4A5A1DB12F8F00F73D3E /* PrimerEntregableUITests.swift */ = {isa = PBXFileReference; lastKnownFileType = sourcecode.swift; path = PrimerEntregableUITests.swift; sourceTree = "<group>"; };
		ED8C4A5C1DB12F8F00F73D3E /* Info.plist */ = {isa = PBXFileReference; lastKnownFileType = text.plist.xml; path = Info.plist; sourceTree = "<group>"; };
/* End PBXFileReference section */

/* Begin PBXFrameworksBuildPhase section */
		ED8C4A341DB12F8F00F73D3E /* Frameworks */ = {
			isa = PBXFrameworksBuildPhase;
			buildActionMask = 2147483647;
			files = (
			);
			runOnlyForDeploymentPostprocessing = 0;
		};
		ED8C4A481DB12F8F00F73D3E /* Frameworks */ = {
			isa = PBXFrameworksBuildPhase;
			buildActionMask = 2147483647;
			files = (
			);
			runOnlyForDeploymentPostprocessing = 0;
		};
		ED8C4A531DB12F8F00F73D3E /* Frameworks */ = {
			isa = PBXFrameworksBuildPhase;
			buildActionMask = 2147483647;
			files = (
			);
			runOnlyForDeploymentPostprocessing = 0;
		};
/* End PBXFrameworksBuildPhase section */

/* Begin PBXGroup section */
		ED8C4A2E1DB12F8F00F73D3E = {
			isa = PBXGroup;
			children = (
				ED8C4A391DB12F8F00F73D3E /* PrimerEntregable */,
				ED8C4A4E1DB12F8F00F73D3E /* PrimerEntregableTests */,
				ED8C4A591DB12F8F00F73D3E /* PrimerEntregableUITests */,
				ED8C4A381DB12F8F00F73D3E /* Products */,
			);
			sourceTree = "<group>";
		};
		ED8C4A381DB12F8F00F73D3E /* Products */ = {
			isa = PBXGroup;
			children = (
				ED8C4A371DB12F8F00F73D3E /* PrimerEntregable.app */,
				ED8C4A4B1DB12F8F00F73D3E /* PrimerEntregableTests.xctest */,
				ED8C4A561DB12F8F00F73D3E /* PrimerEntregableUITests.xctest */,
			);
			name = Products;
			sourceTree = "<group>";
		};
		ED8C4A391DB12F8F00F73D3E /* PrimerEntregable */ = {
			isa = PBXGroup;
			children = (
				ED8C4A3A1DB12F8F00F73D3E /* AppDelegate.swift */,
				ED8C4A3C1DB12F8F00F73D3E /* ViewController.swift */,
				ED8C4A3E1DB12F8F00F73D3E /* Main.storyboard */,
				ED8C4A411DB12F8F00F73D3E /* Assets.xcassets */,
				ED8C4A431DB12F8F00F73D3E /* LaunchScreen.storyboard */,
				ED8C4A461DB12F8F00F73D3E /* Info.plist */,
			);
			path = PrimerEntregable;
			sourceTree = "<group>";
		};
		ED8C4A4E1DB12F8F00F73D3E /* PrimerEntregableTests */ = {
			isa = PBXGroup;
			children = (
				ED8C4A4F1DB12F8F00F73D3E /* PrimerEntregableTests.swift */,
				ED8C4A511DB12F8F00F73D3E /* Info.plist */,
			);
			path = PrimerEntregableTests;
			sourceTree = "<group>";
		};
		ED8C4A591DB12F8F00F73D3E /* PrimerEntregableUITests */ = {
			isa = PBXGroup;
			children = (
				ED8C4A5A1DB12F8F00F73D3E /* PrimerEntregableUITests.swift */,
				ED8C4A5C1DB12F8F00F73D3E /* Info.plist */,
			);
			path = PrimerEntregableUITests;
			sourceTree = "<group>";
		};
/* End PBXGroup section */

/* Begin PBXNativeTarget section */
		ED8C4A361DB12F8F00F73D3E /* PrimerEntregable */ = {
			isa = PBXNativeTarget;
			buildConfigurationList = ED8C4A5F1DB12F9000F73D3E /* Build configuration list for PBXNativeTarget "PrimerEntregable" */;
			buildPhases = (
				ED8C4A331DB12F8F00F73D3E /* Sources */,
				ED8C4A341DB12F8F00F73D3E /* Frameworks */,
				ED8C4A351DB12F8F00F73D3E /* Resources */,
			);
			buildRules = (
			);
			dependencies = (
			);
			name = PrimerEntregable;
			productName = PrimerEntregable;
			productReference = ED8C4A371DB12F8F00F73D3E /* PrimerEntregable.app */;
			productType = "com.apple.product-type.application";
		};
		ED8C4A4A1DB12F8F00F73D3E /* PrimerEntregableTests */ = {
			isa = PBXNativeTarget;
			buildConfigurationList = ED8C4A621DB12F9000F73D3E /* Build configuration list for PBXNativeTarget "PrimerEntregableTests" */;
			buildPhases = (
				ED8C4A471DB12F8F00F73D3E /* Sources */,
				ED8C4A481DB12F8F00F73D3E /* Frameworks */,
				ED8C4A491DB12F8F00F73D3E /* Resources */,
			);
			buildRules = (
			);
			dependencies = (
				ED8C4A4D1DB12F8F00F73D3E /* PBXTargetDependency */,
			);
			name = PrimerEntregableTests;
			productName = PrimerEntregableTests;
			productReference = ED8C4A4B1DB12F8F00F73D3E /* PrimerEntregableTests.xctest */;
			productType = "com.apple.product-type.bundle.unit-test";
		};
		ED8C4A551DB12F8F00F73D3E /* PrimerEntregableUITests */ = {
			isa = PBXNativeTarget;
			buildConfigurationList = ED8C4A651DB12F9000F73D3E /* Build configuration list for PBXNativeTarget "PrimerEntregableUITests" */;
			buildPhases = (
				ED8C4A521DB12F8F00F73D3E /* Sources */,
				ED8C4A531DB12F8F00F73D3E /* Frameworks */,
				ED8C4A541DB12F8F00F73D3E /* Resources */,
			);
			buildRules = (
			);
			dependencies = (
				ED8C4A581DB12F8F00F73D3E /* PBXTargetDependency */,
			);
			name = PrimerEntregableUITests;
			productName = PrimerEntregableUITests;
			productReference = ED8C4A561DB12F8F00F73D3E /* PrimerEntregableUITests.xctest */;
			productType = "com.apple.product-type.bundle.ui-testing";
		};
/* End PBXNativeTarget section */

/* Begin PBXProject section */
		ED8C4A2F1DB12F8F00F73D3E /* Project object */ = {
			isa = PBXProject;
			attributes = {
				LastSwiftUpdateCheck = 0730;
				LastUpgradeCheck = 0730;
				ORGANIZATIONNAME = Atid;
				TargetAttributes = {
					ED8C4A361DB12F8F00F73D3E = {
						CreatedOnToolsVersion = 7.3.1;
					};
					ED8C4A4A1DB12F8F00F73D3E = {
						CreatedOnToolsVersion = 7.3.1;
						TestTargetID = ED8C4A361DB12F8F00F73D3E;
					};
					ED8C4A551DB12F8F00F73D3E = {
						CreatedOnToolsVersion = 7.3.1;
						TestTargetID = ED8C4A361DB12F8F00F73D3E;
					};
				};
			};
			buildConfigurationList = ED8C4A321DB12F8F00F73D3E /* Build configuration list for PBXProject "PrimerEntregable" */;
			compatibilityVersion = "Xcode 3.2";
			developmentRegion = English;
			hasScannedForEncodings = 0;
			knownRegions = (
				en,
				Base,
			);
			mainGroup = ED8C4A2E1DB12F8F00F73D3E;
			productRefGroup = ED8C4A381DB12F8F00F73D3E /* Products */;
			projectDirPath = "";
			projectRoot = "";
			targets = (
				ED8C4A361DB12F8F00F73D3E /* PrimerEntregable */,
				ED8C4A4A1DB12F8F00F73D3E /* PrimerEntregableTests */,
				ED8C4A551DB12F8F00F73D3E /* PrimerEntregableUITests */,
			);
		};
/* End PBXProject section */

/* Begin PBXResourcesBuildPhase section */
		ED8C4A351DB12F8F00F73D3E /* Resources */ = {
			isa = PBXResourcesBuildPhase;
			buildActionMask = 2147483647;
			files = (
				ED8C4A451DB12F8F00F73D3E /* LaunchScreen.storyboard in Resources */,
				ED8C4A421DB12F8F00F73D3E /* Assets.xcassets in Resources */,
				ED8C4A401DB12F8F00F73D3E /* Main.storyboard in Resources */,
			);
			runOnlyForDeploymentPostprocessing = 0;
		};
		ED8C4A491DB12F8F00F73D3E /* Resources */ = {
			isa = PBXResourcesBuildPhase;
			buildActionMask = 2147483647;
			files = (
			);
			runOnlyForDeploymentPostprocessing = 0;
		};
		ED8C4A541DB12F8F00F73D3E /* Resources */ = {
			isa = PBXResourcesBuildPhase;
			buildActionMask = 2147483647;
			files = (
			);
			runOnlyForDeploymentPostprocessing = 0;
		};
/* End PBXResourcesBuildPhase section */

/* Begin PBXSourcesBuildPhase section */
		ED8C4A331DB12F8F00F73D3E /* Sources */ = {
			isa = PBXSourcesBuildPhase;
			buildActionMask = 2147483647;
			files = (
				ED8C4A3D1DB12F8F00F73D3E /* ViewController.swift in Sources */,
				ED8C4A3B1DB12F8F00F73D3E /* AppDelegate.swift in Sources */,
			);
			runOnlyForDeploymentPostprocessing = 0;
		};
		ED8C4A471DB12F8F00F73D3E /* Sources */ = {
			isa = PBXSourcesBuildPhase;
			buildActionMask = 2147483647;
			files = (
				ED8C4A501DB12F8F00F73D3E /* PrimerEntregableTests.swift in Sources */,
			);
			runOnlyForDeploymentPostprocessing = 0;
		};
		ED8C4A521DB12F8F00F73D3E /* Sources */ = {
			isa = PBXSourcesBuildPhase;
			buildActionMask = 2147483647;
			files = (
				ED8C4A5B1DB12F8F00F73D3E /* PrimerEntregableUITests.swift in Sources */,
			);
			runOnlyForDeploymentPostprocessing = 0;
		};
/* End PBXSourcesBuildPhase section */

/* Begin PBXTargetDependency section */
		ED8C4A4D1DB12F8F00F73D3E /* PBXTargetDependency */ = {
			isa = PBXTargetDependency;
			target = ED8C4A361DB12F8F00F73D3E /* PrimerEntregable */;
			targetProxy = ED8C4A4C1DB12F8F00F73D3E /* PBXContainerItemProxy */;
		};
		ED8C4A581DB12F8F00F73D3E /* PBXTargetDependency */ = {
			isa = PBXTargetDependency;
			target = ED8C4A361DB12F8F00F73D3E /* PrimerEntregable */;
			targetProxy = ED8C4A571DB12F8F00F73D3E /* PBXContainerItemProxy */;
		};
/* End PBXTargetDependency section */

/* Begin PBXVariantGroup section */
		ED8C4A3E1DB12F8F00F73D3E /* Main.storyboard */ = {
			isa = PBXVariantGroup;
			children = (
				ED8C4A3F1DB12F8F00F73D3E /* Base */,
			);
			name = Main.storyboard;
			sourceTree = "<group>";
		};
		ED8C4A431DB12F8F00F73D3E /* LaunchScreen.storyboard */ = {
			isa = PBXVariantGroup;
			children = (
				ED8C4A441DB12F8F00F73D3E /* Base */,
			);
			name = LaunchScreen.storyboard;
			sourceTree = "<group>";
		};
/* End PBXVariantGroup section */

/* Begin XCBuildConfiguration section */
		ED8C4A5D1DB12F8F00F73D3E /* Debug */ = {
			isa = XCBuildConfiguration;
			buildSettings = {
				ALWAYS_SEARCH_USER_PATHS = NO;
				CLANG_ANALYZER_NONNULL = YES;
				CLANG_CXX_LANGUAGE_STANDARD = "gnu++0x";
				CLANG_CXX_LIBRARY = "libc++";
				CLANG_ENABLE_MODULES = YES;
				CLANG_ENABLE_OBJC_ARC = YES;
				CLANG_WARN_BOOL_CONVERSION = YES;
				CLANG_WARN_CONSTANT_CONVERSION = YES;
				CLANG_WARN_DIRECT_OBJC_ISA_USAGE = YES_ERROR;
				CLANG_WARN_EMPTY_BODY = YES;
				CLANG_WARN_ENUM_CONVERSION = YES;
				CLANG_WARN_INT_CONVERSION = YES;
				CLANG_WARN_OBJC_ROOT_CLASS = YES_ERROR;
				CLANG_WARN_UNREACHABLE_CODE = YES;
				CLANG_WARN__DUPLICATE_METHOD_MATCH = YES;
				"CODE_SIGN_IDENTITY[sdk=iphoneos*]" = "iPhone Developer";
				COPY_PHASE_STRIP = NO;
				DEBUG_INFORMATION_FORMAT = dwarf;
				ENABLE_STRICT_OBJC_MSGSEND = YES;
				ENABLE_TESTABILITY = YES;
				GCC_C_LANGUAGE_STANDARD = gnu99;
				GCC_DYNAMIC_NO_PIC = NO;
				GCC_NO_COMMON_BLOCKS = YES;
				GCC_OPTIMIZATION_LEVEL = 0;
				GCC_PREPROCESSOR_DEFINITIONS = (
					"DEBUG=1",
					"$(inherited)",
				);
				GCC_WARN_64_TO_32_BIT_CONVERSION = YES;
				GCC_WARN_ABOUT_RETURN_TYPE = YES_ERROR;
				GCC_WARN_UNDECLARED_SELECTOR = YES;
				GCC_WARN_UNINITIALIZED_AUTOS = YES_AGGRESSIVE;
				GCC_WARN_UNUSED_FUNCTION = YES;
				GCC_WARN_UNUSED_VARIABLE = YES;
				IPHONEOS_DEPLOYMENT_TARGET = 9.3;
				MTL_ENABLE_DEBUG_INFO = YES;
				ONLY_ACTIVE_ARCH = YES;
				SDKROOT = iphoneos;
				SWIFT_OPTIMIZATION_LEVEL = "-Onone";
				TARGETED_DEVICE_FAMILY = "1,2";
			};
			name = Debug;
		};
		ED8C4A5E1DB12F8F00F73D3E /* Release */ = {
			isa = XCBuildConfiguration;
			buildSettings = {
				ALWAYS_SEARCH_USER_PATHS = NO;
				CLANG_ANALYZER_NONNULL = YES;
				CLANG_CXX_LANGUAGE_STANDARD = "gnu++0x";
				CLANG_CXX_LIBRARY = "libc++";
				CLANG_ENABLE_MODULES = YES;
				CLANG_ENABLE_OBJC_ARC = YES;
				CLANG_WARN_BOOL_CONVERSION = YES;
				CLANG_WARN_CONSTANT_CONVERSION = YES;
				CLANG_WARN_DIRECT_OBJC_ISA_USAGE = YES_ERROR;
				CLANG_WARN_EMPTY_BODY = YES;
				CLANG_WARN_ENUM_CONVERSION = YES;
				CLANG_WARN_INT_CONVERSION = YES;
				CLANG_WARN_OBJC_ROOT_CLASS = YES_ERROR;
				CLANG_WARN_UNREACHABLE_CODE = YES;
				CLANG_WARN__DUPLICATE_METHOD_MATCH = YES;
				"CODE_SIGN_IDENTITY[sdk=iphoneos*]" = "iPhone Developer";
				COPY_PHASE_STRIP = NO;
				DEBUG_INFORMATION_FORMAT = "dwarf-with-dsym";
				ENABLE_NS_ASSERTIONS = NO;
				ENABLE_STRICT_OBJC_MSGSEND = YES;
				GCC_C_LANGUAGE_STANDARD = gnu99;
				GCC_NO_COMMON_BLOCKS = YES;
				GCC_WARN_64_TO_32_BIT_CONVERSION = YES;
				GCC_WARN_ABOUT_RETURN_TYPE = YES_ERROR;
				GCC_WARN_UNDECLARED_SELECTOR = YES;
				GCC_WARN_UNINITIALIZED_AUTOS = YES_AGGRESSIVE;
				GCC_WARN_UNUSED_FUNCTION = YES;
				GCC_WARN_UNUSED_VARIABLE = YES;
				IPHONEOS_DEPLOYMENT_TARGET = 9.3;
				MTL_ENABLE_DEBUG_INFO = NO;
				SDKROOT = iphoneos;
				TARGETED_DEVICE_FAMILY = "1,2";
				VALIDATE_PRODUCT = YES;
			};
			name = Release;
		};
		ED8C4A601DB12F9000F73D3E /* Debug */ = {
			isa = XCBuildConfiguration;
			buildSettings = {
				ASSETCATALOG_COMPILER_APPICON_NAME = AppIcon;
				INFOPLIST_FILE = PrimerEntregable/Info.plist;
				LD_RUNPATH_SEARCH_PATHS = "$(inherited) @executable_path/Frameworks";
				PRODUCT_BUNDLE_IDENTIFIER = com.atid.PrimerEntregable;
				PRODUCT_NAME = "$(TARGET_NAME)";
			};
			name = Debug;
		};
		ED8C4A611DB12F9000F73D3E /* Release */ = {
			isa = XCBuildConfiguration;
			buildSettings = {
				ASSETCATALOG_COMPILER_APPICON_NAME = AppIcon;
				INFOPLIST_FILE = PrimerEntregable/Info.plist;
				LD_RUNPATH_SEARCH_PATHS = "$(inherited) @executable_path/Frameworks";
				PRODUCT_BUNDLE_IDENTIFIER = com.atid.PrimerEntregable;
				PRODUCT_NAME = "$(TARGET_NAME)";
			};
			name = Release;
		};
		ED8C4A631DB12F9000F73D3E /* Debug */ = {
			isa = XCBuildConfiguration;
			buildSettings = {
				BUNDLE_LOADER = "$(TEST_HOST)";
				INFOPLIST_FILE = PrimerEntregableTests/Info.plist;
				LD_RUNPATH_SEARCH_PATHS = "$(inherited) @executable_path/Frameworks @loader_path/Frameworks";
				PRODUCT_BUNDLE_IDENTIFIER = com.atid.PrimerEntregableTests;
				PRODUCT_NAME = "$(TARGET_NAME)";
				TEST_HOST = "$(BUILT_PRODUCTS_DIR)/PrimerEntregable.app/PrimerEntregable";
			};
			name = Debug;
		};
		ED8C4A641DB12F9000F73D3E /* Release */ = {
			isa = XCBuildConfiguration;
			buildSettings = {
				BUNDLE_LOADER = "$(TEST_HOST)";
				INFOPLIST_FILE = PrimerEntregableTests/Info.plist;
				LD_RUNPATH_SEARCH_PATHS = "$(inherited) @executable_path/Frameworks @loader_path/Frameworks";
				PRODUCT_BUNDLE_IDENTIFIER = com.atid.PrimerEntregableTests;
				PRODUCT_NAME = "$(TARGET_NAME)";
				TEST_HOST = "$(BUILT_PRODUCTS_DIR)/PrimerEntregable.app/PrimerEntregable";
			};
			name = Release;
		};
		ED8C4A661DB12F9000F73D3E /* Debug */ = {
			isa = XCBuildConfiguration;
			buildSettings = {
				INFOPLIST_FILE = PrimerEntregableUITests/Info.plist;
				LD_RUNPATH_SEARCH_PATHS = "$(inherited) @executable_path/Frameworks @loader_path/Frameworks";
				PRODUCT_BUNDLE_IDENTIFIER = com.atid.PrimerEntregableUITests;
				PRODUCT_NAME = "$(TARGET_NAME)";
				TEST_TARGET_NAME = PrimerEntregable;
			};
			name = Debug;
		};
		ED8C4A671DB12F9000F73D3E /* Release */ = {
			isa = XCBuildConfiguration;
			buildSettings = {
				INFOPLIST_FILE = PrimerEntregableUITests/Info.plist;
				LD_RUNPATH_SEARCH_PATHS = "$(inherited) @executable_path/Frameworks @loader_path/Frameworks";
				PRODUCT_BUNDLE_IDENTIFIER = com.atid.PrimerEntregableUITests;
				PRODUCT_NAME = "$(TARGET_NAME)";
				TEST_TARGET_NAME = PrimerEntregable;
			};
			name = Release;
		};
/* End XCBuildConfiguration section */

/* Begin XCConfigurationList section */
		ED8C4A321DB12F8F00F73D3E /* Build configuration list for PBXProject "PrimerEntregable" */ = {
			isa = XCConfigurationList;
			buildConfigurations = (
				ED8C4A5D1DB12F8F00F73D3E /* Debug */,
				ED8C4A5E1DB12F8F00F73D3E /* Release */,
			);
			defaultConfigurationIsVisible = 0;
			defaultConfigurationName = Release;
		};
		ED8C4A5F1DB12F9000F73D3E /* Build configuration list for PBXNativeTarget "PrimerEntregable" */ = {
			isa = XCConfigurationList;
			buildConfigurations = (
				ED8C4A601DB12F9000F73D3E /* Debug */,
				ED8C4A611DB12F9000F73D3E /* Release */,
			);
			defaultConfigurationIsVisible = 0;
		};
		ED8C4A621DB12F9000F73D3E /* Build configuration list for PBXNativeTarget "PrimerEntregableTests" */ = {
			isa = XCConfigurationList;
			buildConfigurations = (
				ED8C4A631DB12F9000F73D3E /* Debug */,
				ED8C4A641DB12F9000F73D3E /* Release */,
			);
			defaultConfigurationIsVisible = 0;
		};
		ED8C4A651DB12F9000F73D3E /* Build configuration list for PBXNativeTarget "PrimerEntregableUITests" */ = {
			isa = XCConfigurationList;
			buildConfigurations = (
				ED8C4A661DB12F9000F73D3E /* Debug */,
				ED8C4A671DB12F9000F73D3E /* Release */,
			);
			defaultConfigurationIsVisible = 0;
		};
/* End XCConfigurationList section */
	};
	rootObject = ED8C4A2F1DB12F8F00F73D3E /* Project object */;
}
